
Microsoft Visual Studio Solution File, Format Version 12.00
# Visual Studio Version 16
VisualStudioVersion = 16.0.31702.278
MinimumVisualStudioVersion = 10.0.40219.1
Project("{FAE04EC0-301F-11D3-BF4B-00C04F79EFBC}") = "MOBILE SHOP", "MOBILE SHOP\MOBILE SHOP.csproj", "{EC110363-C739-4783-A4E2-20FBAEBEDB79}"
EndProject
Global
	GlobalSection(SolutionConfigurationPlatforms) = preSolution
		Debug|Any CPU = Debug|Any CPU
		Release|Any CPU = Release|Any CPU
	EndGlobalSection
	GlobalSection(ProjectConfigurationPlatforms) = postSolution
		{EC110363-C739-4783-A4E2-20FBAEBEDB79}.Debug|Any CPU.ActiveCfg = Debug|Any CPU
		{EC110363-C739-4783-A4E2-20FBAEBEDB79}.Debug|Any CPU.Build.0 = Debug|Any CPU
		{EC110363-C739-4783-A4E2-20FBAEBEDB79}.Release|Any CPU.ActiveCfg = Release|Any CPU
		{EC110363-C739-4783-A4E2-20FBAEBEDB79}.Release|Any CPU.Build.0 = Release|Any CPU
	EndGlobalSection
	GlobalSection(SolutionProperties) = preSolution
		HideSolutionNode = FALSE
	EndGlobalSection
	GlobalSection(ExtensibilityGlobals) = postSolution
		SolutionGuid = {E4C720E6-385F-4498-B14A-2CC4AC74B8D0}
	EndGlobalSection
EndGlobal
